// !$*UTF8*$!
{
	archiveVersion = 1;
	classes = {
	};
	objectVersion = 55;
	objects = {

/* Begin PBXBuildFile section */
		104FEEF729A285400091EAFC /* UserResponseModel.swift in Sources */ = {isa = PBXBuildFile; fileRef = 104FEEF629A285400091EAFC /* UserResponseModel.swift */; };
		104FEEF929A285670091EAFC /* UserSearcherResponseModel.swift in Sources */ = {isa = PBXBuildFile; fileRef = 104FEEF829A285670091EAFC /* UserSearcherResponseModel.swift */; };
		104FEEFC29A2885D0091EAFC /* UserPresentationModel.swift in Sources */ = {isa = PBXBuildFile; fileRef = 104FEEFB29A2885D0091EAFC /* UserPresentationModel.swift */; };
		104FEEFE29A2BBA30091EAFC /* NotificationListResponseModel.swift in Sources */ = {isa = PBXBuildFile; fileRef = 104FEEFD29A2BBA30091EAFC /* NotificationListResponseModel.swift */; };
		104FEF0029A2BBAE0091EAFC /* NotificationResponseModel.swift in Sources */ = {isa = PBXBuildFile; fileRef = 104FEEFF29A2BBAE0091EAFC /* NotificationResponseModel.swift */; };
		104FEF0329A2BE3F0091EAFC /* NotificationPresentationModel.swift in Sources */ = {isa = PBXBuildFile; fileRef = 104FEF0229A2BE3F0091EAFC /* NotificationPresentationModel.swift */; };
		1061675829BB356800EFBF08 /* PoolsView.swift in Sources */ = {isa = PBXBuildFile; fileRef = 1061675729BB356800EFBF08 /* PoolsView.swift */; };
		1061675A29BB358600EFBF08 /* PoolsListResponseModel.swift in Sources */ = {isa = PBXBuildFile; fileRef = 1061675929BB358600EFBF08 /* PoolsListResponseModel.swift */; };
		1061675C29BB35BA00EFBF08 /* PoolResponseModel.swift in Sources */ = {isa = PBXBuildFile; fileRef = 1061675B29BB35BA00EFBF08 /* PoolResponseModel.swift */; };
		1061675E29BB376300EFBF08 /* PoolsView-ViewModel.swift in Sources */ = {isa = PBXBuildFile; fileRef = 1061675D29BB376300EFBF08 /* PoolsView-ViewModel.swift */; };
		1061676029BB37AA00EFBF08 /* Logo.swift in Sources */ = {isa = PBXBuildFile; fileRef = 1061675F29BB37AA00EFBF08 /* Logo.swift */; };
		1061676329BB3A4800EFBF08 /* PoolCard.swift in Sources */ = {isa = PBXBuildFile; fileRef = 1061676229BB3A4800EFBF08 /* PoolCard.swift */; };
		106A519329A3806800208BF7 /* ParticipateInBetView-ViewModel.swift in Sources */ = {isa = PBXBuildFile; fileRef = 106A519229A3806800208BF7 /* ParticipateInBetView-ViewModel.swift */; };
		106A519529A3808E00208BF7 /* ParticipateInBetView.swift in Sources */ = {isa = PBXBuildFile; fileRef = 106A519429A3808E00208BF7 /* ParticipateInBetView.swift */; };
		3308B32929A66E5400FD84D7 /* ParticipateInBetModel.swift in Sources */ = {isa = PBXBuildFile; fileRef = 3308B32829A66E5400FD84D7 /* ParticipateInBetModel.swift */; };
		3308B32D29A6830400FD84D7 /* BetListResponseModel.swift in Sources */ = {isa = PBXBuildFile; fileRef = 3308B32C29A6830400FD84D7 /* BetListResponseModel.swift */; };
		3308B32F29A687A000FD84D7 /* BetListResponseModel.swift in Sources */ = {isa = PBXBuildFile; fileRef = 3308B32E29A687A000FD84D7 /* BetListResponseModel.swift */; };
		3308E6BC299BF1A000E2113D /* ProfileNavBar.swift in Sources */ = {isa = PBXBuildFile; fileRef = 3308E6BB299BF1A000E2113D /* ProfileNavBar.swift */; };
		3308E6BE299BFBB200E2113D /* FriendProfileView.swift in Sources */ = {isa = PBXBuildFile; fileRef = 3308E6BD299BFBB200E2113D /* FriendProfileView.swift */; };
		331842FE29A552FD003DB051 /* ImagePresentationModel.swift in Sources */ = {isa = PBXBuildFile; fileRef = 331842FD29A552FD003DB051 /* ImagePresentationModel.swift */; };
		3318430029A5536F003DB051 /* ImageResponseModel.swift in Sources */ = {isa = PBXBuildFile; fileRef = 331842FF29A5536F003DB051 /* ImageResponseModel.swift */; };
		33262E6A299A8FEA009C89A8 /* CustomProgressView.swift in Sources */ = {isa = PBXBuildFile; fileRef = 33262E69299A8FEA009C89A8 /* CustomProgressView.swift */; };
		333873A529AFAAEC0006A30A /* RecoverPassPresentationModel.swift in Sources */ = {isa = PBXBuildFile; fileRef = 333873A429AFAAEC0006A30A /* RecoverPassPresentationModel.swift */; };
		333F62C929A54C0A0064D45C /* SportCard.swift in Sources */ = {isa = PBXBuildFile; fileRef = 333F62C829A54C0A0064D45C /* SportCard.swift */; };
		3359FA5329883F4B00641FD7 /* BetterPlayApp.swift in Sources */ = {isa = PBXBuildFile; fileRef = 3359FA5229883F4B00641FD7 /* BetterPlayApp.swift */; };
		3359FA5729883F4C00641FD7 /* Assets.xcassets in Resources */ = {isa = PBXBuildFile; fileRef = 3359FA5629883F4C00641FD7 /* Assets.xcassets */; };
		3359FA5A29883F4C00641FD7 /* Preview Assets.xcassets in Resources */ = {isa = PBXBuildFile; fileRef = 3359FA5929883F4C00641FD7 /* Preview Assets.xcassets */; };
		33686370299E7E74008140E2 /* BetResponseModel.swift in Sources */ = {isa = PBXBuildFile; fileRef = 3368636F299E7E74008140E2 /* BetResponseModel.swift */; };
		33769FCB29A3C19300169FC5 /* DailyStreakView-ViewModel.swift in Sources */ = {isa = PBXBuildFile; fileRef = 33769FCA29A3C19300169FC5 /* DailyStreakView-ViewModel.swift */; };
		3390E59029BBAD9100D063B4 /* PoolPresentationModel.swift in Sources */ = {isa = PBXBuildFile; fileRef = 3390E58F29BBAD9100D063B4 /* PoolPresentationModel.swift */; };
		3390E59329BBB22E00D063B4 /* PoolDetailView.swift in Sources */ = {isa = PBXBuildFile; fileRef = 3390E59229BBB22E00D063B4 /* PoolDetailView.swift */; };
		3390E59529BBB23D00D063B4 /* PoolDetailView-ViewModel.swift in Sources */ = {isa = PBXBuildFile; fileRef = 3390E59429BBB23D00D063B4 /* PoolDetailView-ViewModel.swift */; };
		3390E59729BBB42500D063B4 /* PoolNavBar.swift in Sources */ = {isa = PBXBuildFile; fileRef = 3390E59629BBB42500D063B4 /* PoolNavBar.swift */; };
		3390E59C29BBB62500D063B4 /* PoolMatch.swift in Sources */ = {isa = PBXBuildFile; fileRef = 3390E59B29BBB62500D063B4 /* PoolMatch.swift */; };
		3390E59E29BBB62F00D063B4 /* SpecialPoolMatch.swift in Sources */ = {isa = PBXBuildFile; fileRef = 3390E59D29BBB62F00D063B4 /* SpecialPoolMatch.swift */; };
		3390E5A229BBC33A00D063B4 /* SelectExactResult.swift in Sources */ = {isa = PBXBuildFile; fileRef = 3390E5A129BBC33A00D063B4 /* SelectExactResult.swift */; };
		339305052996C7650070C1CE /* UserSearcherView.swift in Sources */ = {isa = PBXBuildFile; fileRef = 339305042996C7650070C1CE /* UserSearcherView.swift */; };
		339305072996C7720070C1CE /* UserSearcherView-ViewModel.swift in Sources */ = {isa = PBXBuildFile; fileRef = 339305062996C7720070C1CE /* UserSearcherView-ViewModel.swift */; };
		339305092996C7F80070C1CE /* UserCard.swift in Sources */ = {isa = PBXBuildFile; fileRef = 339305082996C7F80070C1CE /* UserCard.swift */; };
		3393050C2996D0FE0070C1CE /* NotificationsView.swift in Sources */ = {isa = PBXBuildFile; fileRef = 3393050B2996D0FE0070C1CE /* NotificationsView.swift */; };
		3393050E2996D10B0070C1CE /* NotificationsView-ViewModel.swift in Sources */ = {isa = PBXBuildFile; fileRef = 3393050D2996D10B0070C1CE /* NotificationsView-ViewModel.swift */; };
		33A92E5E29A3CC9F00F9D885 /* ParticipateInBetResponseModel.swift in Sources */ = {isa = PBXBuildFile; fileRef = 33A92E5D29A3CC9F00F9D885 /* ParticipateInBetResponseModel.swift */; };
		33A92E6029A3CCC000F9D885 /* BaseResponseModel.swift in Sources */ = {isa = PBXBuildFile; fileRef = 33A92E5F29A3CCC000F9D885 /* BaseResponseModel.swift */; };
		33A92E6929A3E83200F9D885 /* OtherUserProfileView.swift in Sources */ = {isa = PBXBuildFile; fileRef = 33A92E6829A3E83200F9D885 /* OtherUserProfileView.swift */; };
		33A92E6D29A409D900F9D885 /* BetPresentationModel.swift in Sources */ = {isa = PBXBuildFile; fileRef = 33A92E6C29A409D900F9D885 /* BetPresentationModel.swift */; };
		33A92E7029A40AF600F9D885 /* AuthenticationResponseModel.swift in Sources */ = {isa = PBXBuildFile; fileRef = 33A92E6F29A40AF600F9D885 /* AuthenticationResponseModel.swift */; };
		33B8158129AE77B8003125DA /* ProfileView.swift in Sources */ = {isa = PBXBuildFile; fileRef = 33B8158029AE77B8003125DA /* ProfileView.swift */; };
		33B8158329AE7E5B003125DA /* RecoverPassResponseModel.swift in Sources */ = {isa = PBXBuildFile; fileRef = 33B8158229AE7E5B003125DA /* RecoverPassResponseModel.swift */; };
		33C98B352996CBA200AF4672 /* ImagePicker.swift in Sources */ = {isa = PBXBuildFile; fileRef = 33C98B342996CBA200AF4672 /* ImagePicker.swift */; };
		33CE1817299FEAC500CFFD13 /* DailyStreakView.swift in Sources */ = {isa = PBXBuildFile; fileRef = 33CE1816299FEAC500CFFD13 /* DailyStreakView.swift */; };
		33F26BFE299A8F7100119263 /* CustomBackButton.swift in Sources */ = {isa = PBXBuildFile; fileRef = 33F26BFD299A8F7100119263 /* CustomBackButton.swift */; };
		33F3F4F9299E7B190056BB77 /* EditPresentationModel.swift in Sources */ = {isa = PBXBuildFile; fileRef = 33F3F4F8299E7B190056BB77 /* EditPresentationModel.swift */; };
		33F3F4FB299E7BF20056BB77 /* UserResponseModel.swift in Sources */ = {isa = PBXBuildFile; fileRef = 33F3F4FA299E7BF20056BB77 /* UserResponseModel.swift */; };
		33F3F4FD299E7DC40056BB77 /* EditUserResponseModel.swift in Sources */ = {isa = PBXBuildFile; fileRef = 33F3F4FC299E7DC40056BB77 /* EditUserResponseModel.swift */; };
		33F6A627299543DC00FFAB37 /* CustomTextField.swift in Sources */ = {isa = PBXBuildFile; fileRef = 33F6A626299543DC00FFAB37 /* CustomTextField.swift */; };
		33F6A62B299544E700FFAB37 /* CustomTabBar.swift in Sources */ = {isa = PBXBuildFile; fileRef = 33F6A62A299544E700FFAB37 /* CustomTabBar.swift */; };
		33F6A6302995457C00FFAB37 /* ContentView.swift in Sources */ = {isa = PBXBuildFile; fileRef = 33F6A62F2995457C00FFAB37 /* ContentView.swift */; };
		33F6A632299545AD00FFAB37 /* CustomNavBar.swift in Sources */ = {isa = PBXBuildFile; fileRef = 33F6A631299545AD00FFAB37 /* CustomNavBar.swift */; };
		33F6A634299545C900FFAB37 /* UserCoins.swift in Sources */ = {isa = PBXBuildFile; fileRef = 33F6A633299545C900FFAB37 /* UserCoins.swift */; };
		33F6A6362995461700FFAB37 /* Searcher.swift in Sources */ = {isa = PBXBuildFile; fileRef = 33F6A6352995461700FFAB37 /* Searcher.swift */; };
		33F6A64429954E1500FFAB37 /* NetworkHelper.swift in Sources */ = {isa = PBXBuildFile; fileRef = 33F6A64329954E1500FFAB37 /* NetworkHelper.swift */; };
		33F6A64729954F6100FFAB37 /* RegisterView-ViewModel.swift in Sources */ = {isa = PBXBuildFile; fileRef = 33F6A64629954F6100FFAB37 /* RegisterView-ViewModel.swift */; };
		33F6A64929954F6700FFAB37 /* RegisterView.swift in Sources */ = {isa = PBXBuildFile; fileRef = 33F6A64829954F6700FFAB37 /* RegisterView.swift */; };
		33F6A64C29954FAD00FFAB37 /* AuthenticationPresentationModel.swift in Sources */ = {isa = PBXBuildFile; fileRef = 33F6A64B29954FAD00FFAB37 /* AuthenticationPresentationModel.swift */; };
		33F6A662299555C300FFAB37 /* EditProfileView.swift in Sources */ = {isa = PBXBuildFile; fileRef = 33F6A661299555C300FFAB37 /* EditProfileView.swift */; };
		33F6A664299555EE00FFAB37 /* EditProfileView-ViewModel.swift in Sources */ = {isa = PBXBuildFile; fileRef = 33F6A663299555EE00FFAB37 /* EditProfileView-ViewModel.swift */; };
		33F6A673299558AC00FFAB37 /* BetsView.swift in Sources */ = {isa = PBXBuildFile; fileRef = 33F6A672299558AC00FFAB37 /* BetsView.swift */; };
		33F6A675299558B700FFAB37 /* BetsView-ViewModel.swift in Sources */ = {isa = PBXBuildFile; fileRef = 33F6A674299558B700FFAB37 /* BetsView-ViewModel.swift */; };
		33F6A67929955C5800FFAB37 /* BetDetailView.swift in Sources */ = {isa = PBXBuildFile; fileRef = 33F6A67829955C5800FFAB37 /* BetDetailView.swift */; };
		33F6A67D29955C7400FFAB37 /* BetDetailView-ViewModel.swift in Sources */ = {isa = PBXBuildFile; fileRef = 33F6A67C29955C7400FFAB37 /* BetDetailView-ViewModel.swift */; };
		33F6A67F29955CEA00FFAB37 /* BetDetailPresentationModel.swift in Sources */ = {isa = PBXBuildFile; fileRef = 33F6A67E29955CEA00FFAB37 /* BetDetailPresentationModel.swift */; };
		33F6A682299560A500FFAB37 /* LoginView.swift in Sources */ = {isa = PBXBuildFile; fileRef = 33F6A681299560A500FFAB37 /* LoginView.swift */; };
		33F6A684299560B500FFAB37 /* LoginView-ViewModel.swift in Sources */ = {isa = PBXBuildFile; fileRef = 33F6A683299560B500FFAB37 /* LoginView-ViewModel.swift */; };
		33F6A68C2995641700FFAB37 /* RecoverPasswordCodeView.swift in Sources */ = {isa = PBXBuildFile; fileRef = 33F6A68B2995641700FFAB37 /* RecoverPasswordCodeView.swift */; };
		33F6A68E2995649D00FFAB37 /* NewPasswordView.swift in Sources */ = {isa = PBXBuildFile; fileRef = 33F6A68D2995649D00FFAB37 /* NewPasswordView.swift */; };
		33F6A690299564C300FFAB37 /* RecoverPassEmailView.swift in Sources */ = {isa = PBXBuildFile; fileRef = 33F6A68F299564C300FFAB37 /* RecoverPassEmailView.swift */; };
		33F6A6922995650800FFAB37 /* RecoverPassViewModel.swift in Sources */ = {isa = PBXBuildFile; fileRef = 33F6A6912995650800FFAB37 /* RecoverPassViewModel.swift */; };
		33F6A696299566FB00FFAB37 /* CustomProgressView.swift in Sources */ = {isa = PBXBuildFile; fileRef = 33F6A695299566FB00FFAB37 /* CustomProgressView.swift */; };
		33F6A69A29956A8700FFAB37 /* ProfileView-ViewModel.swift in Sources */ = {isa = PBXBuildFile; fileRef = 33F6A69929956A8700FFAB37 /* ProfileView-ViewModel.swift */; };
/* End PBXBuildFile section */

/* Begin PBXFileReference section */
		104FEEF629A285400091EAFC /* UserResponseModel.swift */ = {isa = PBXFileReference; lastKnownFileType = sourcecode.swift; path = UserResponseModel.swift; sourceTree = "<group>"; };
		104FEEF829A285670091EAFC /* UserSearcherResponseModel.swift */ = {isa = PBXFileReference; lastKnownFileType = sourcecode.swift; path = UserSearcherResponseModel.swift; sourceTree = "<group>"; };
		104FEEFB29A2885D0091EAFC /* UserPresentationModel.swift */ = {isa = PBXFileReference; lastKnownFileType = sourcecode.swift; path = UserPresentationModel.swift; sourceTree = "<group>"; };
		104FEEFD29A2BBA30091EAFC /* NotificationListResponseModel.swift */ = {isa = PBXFileReference; lastKnownFileType = sourcecode.swift; path = NotificationListResponseModel.swift; sourceTree = "<group>"; };
		104FEEFF29A2BBAE0091EAFC /* NotificationResponseModel.swift */ = {isa = PBXFileReference; lastKnownFileType = sourcecode.swift; path = NotificationResponseModel.swift; sourceTree = "<group>"; };
		104FEF0229A2BE3F0091EAFC /* NotificationPresentationModel.swift */ = {isa = PBXFileReference; lastKnownFileType = sourcecode.swift; path = NotificationPresentationModel.swift; sourceTree = "<group>"; };
		1061675729BB356800EFBF08 /* PoolsView.swift */ = {isa = PBXFileReference; lastKnownFileType = sourcecode.swift; path = PoolsView.swift; sourceTree = "<group>"; };
		1061675929BB358600EFBF08 /* PoolsListResponseModel.swift */ = {isa = PBXFileReference; lastKnownFileType = sourcecode.swift; path = PoolsListResponseModel.swift; sourceTree = "<group>"; };
		1061675B29BB35BA00EFBF08 /* PoolResponseModel.swift */ = {isa = PBXFileReference; lastKnownFileType = sourcecode.swift; path = PoolResponseModel.swift; sourceTree = "<group>"; };
		1061675D29BB376300EFBF08 /* PoolsView-ViewModel.swift */ = {isa = PBXFileReference; lastKnownFileType = sourcecode.swift; path = "PoolsView-ViewModel.swift"; sourceTree = "<group>"; };
		1061675F29BB37AA00EFBF08 /* Logo.swift */ = {isa = PBXFileReference; lastKnownFileType = sourcecode.swift; path = Logo.swift; sourceTree = "<group>"; };
		1061676229BB3A4800EFBF08 /* PoolCard.swift */ = {isa = PBXFileReference; lastKnownFileType = sourcecode.swift; path = PoolCard.swift; sourceTree = "<group>"; };
		106A519229A3806800208BF7 /* ParticipateInBetView-ViewModel.swift */ = {isa = PBXFileReference; lastKnownFileType = sourcecode.swift; path = "ParticipateInBetView-ViewModel.swift"; sourceTree = "<group>"; };
		106A519429A3808E00208BF7 /* ParticipateInBetView.swift */ = {isa = PBXFileReference; lastKnownFileType = sourcecode.swift; path = ParticipateInBetView.swift; sourceTree = "<group>"; };
		3308B32829A66E5400FD84D7 /* ParticipateInBetModel.swift */ = {isa = PBXFileReference; lastKnownFileType = sourcecode.swift; path = ParticipateInBetModel.swift; sourceTree = "<group>"; };
		3308B32C29A6830400FD84D7 /* BetListResponseModel.swift */ = {isa = PBXFileReference; lastKnownFileType = sourcecode.swift; path = BetListResponseModel.swift; sourceTree = "<group>"; };
		3308B32E29A687A000FD84D7 /* BetListResponseModel.swift */ = {isa = PBXFileReference; fileEncoding = 4; lastKnownFileType = sourcecode.swift; path = BetListResponseModel.swift; sourceTree = "<group>"; };
		3308E6BB299BF1A000E2113D /* ProfileNavBar.swift */ = {isa = PBXFileReference; lastKnownFileType = sourcecode.swift; path = ProfileNavBar.swift; sourceTree = "<group>"; };
		3308E6BD299BFBB200E2113D /* FriendProfileView.swift */ = {isa = PBXFileReference; lastKnownFileType = sourcecode.swift; name = FriendProfileView.swift; path = ../FriendProfileView.swift; sourceTree = "<group>"; };
		331842FD29A552FD003DB051 /* ImagePresentationModel.swift */ = {isa = PBXFileReference; lastKnownFileType = sourcecode.swift; path = ImagePresentationModel.swift; sourceTree = "<group>"; };
		331842FF29A5536F003DB051 /* ImageResponseModel.swift */ = {isa = PBXFileReference; lastKnownFileType = sourcecode.swift; path = ImageResponseModel.swift; sourceTree = "<group>"; };
		33262E69299A8FEA009C89A8 /* CustomProgressView.swift */ = {isa = PBXFileReference; lastKnownFileType = sourcecode.swift; path = CustomProgressView.swift; sourceTree = "<group>"; };
		333873A429AFAAEC0006A30A /* RecoverPassPresentationModel.swift */ = {isa = PBXFileReference; lastKnownFileType = sourcecode.swift; name = RecoverPassPresentationModel.swift; path = BetterPlay/Presentation/Authentication/RecoverPassword/Model/RecoverPassPresentationModel.swift; sourceTree = SOURCE_ROOT; };
		333F62C829A54C0A0064D45C /* SportCard.swift */ = {isa = PBXFileReference; lastKnownFileType = sourcecode.swift; path = SportCard.swift; sourceTree = "<group>"; };
		3359FA4F29883F4B00641FD7 /* BetterPlay.app */ = {isa = PBXFileReference; explicitFileType = wrapper.application; includeInIndex = 0; path = BetterPlay.app; sourceTree = BUILT_PRODUCTS_DIR; };
		3359FA5229883F4B00641FD7 /* BetterPlayApp.swift */ = {isa = PBXFileReference; lastKnownFileType = sourcecode.swift; path = BetterPlayApp.swift; sourceTree = "<group>"; };
		3359FA5629883F4C00641FD7 /* Assets.xcassets */ = {isa = PBXFileReference; lastKnownFileType = folder.assetcatalog; path = Assets.xcassets; sourceTree = "<group>"; };
		3359FA5929883F4C00641FD7 /* Preview Assets.xcassets */ = {isa = PBXFileReference; lastKnownFileType = folder.assetcatalog; path = "Preview Assets.xcassets"; sourceTree = "<group>"; };
		3368636F299E7E74008140E2 /* BetResponseModel.swift */ = {isa = PBXFileReference; lastKnownFileType = sourcecode.swift; path = BetResponseModel.swift; sourceTree = "<group>"; };
		33769FCA29A3C19300169FC5 /* DailyStreakView-ViewModel.swift */ = {isa = PBXFileReference; lastKnownFileType = sourcecode.swift; path = "DailyStreakView-ViewModel.swift"; sourceTree = "<group>"; };
		3390E58F29BBAD9100D063B4 /* PoolPresentationModel.swift */ = {isa = PBXFileReference; lastKnownFileType = sourcecode.swift; path = PoolPresentationModel.swift; sourceTree = "<group>"; };
		3390E59229BBB22E00D063B4 /* PoolDetailView.swift */ = {isa = PBXFileReference; lastKnownFileType = sourcecode.swift; path = PoolDetailView.swift; sourceTree = "<group>"; };
		3390E59429BBB23D00D063B4 /* PoolDetailView-ViewModel.swift */ = {isa = PBXFileReference; lastKnownFileType = sourcecode.swift; path = "PoolDetailView-ViewModel.swift"; sourceTree = "<group>"; };
		3390E59629BBB42500D063B4 /* PoolNavBar.swift */ = {isa = PBXFileReference; lastKnownFileType = sourcecode.swift; path = PoolNavBar.swift; sourceTree = "<group>"; };
		3390E59B29BBB62500D063B4 /* PoolMatch.swift */ = {isa = PBXFileReference; lastKnownFileType = sourcecode.swift; path = PoolMatch.swift; sourceTree = "<group>"; };
		3390E59D29BBB62F00D063B4 /* SpecialPoolMatch.swift */ = {isa = PBXFileReference; lastKnownFileType = sourcecode.swift; path = SpecialPoolMatch.swift; sourceTree = "<group>"; };
		3390E5A129BBC33A00D063B4 /* SelectExactResult.swift */ = {isa = PBXFileReference; lastKnownFileType = sourcecode.swift; path = SelectExactResult.swift; sourceTree = "<group>"; };
		339305042996C7650070C1CE /* UserSearcherView.swift */ = {isa = PBXFileReference; lastKnownFileType = sourcecode.swift; path = UserSearcherView.swift; sourceTree = "<group>"; };
		339305062996C7720070C1CE /* UserSearcherView-ViewModel.swift */ = {isa = PBXFileReference; lastKnownFileType = sourcecode.swift; path = "UserSearcherView-ViewModel.swift"; sourceTree = "<group>"; };
		339305082996C7F80070C1CE /* UserCard.swift */ = {isa = PBXFileReference; lastKnownFileType = sourcecode.swift; path = UserCard.swift; sourceTree = "<group>"; };
		3393050B2996D0FE0070C1CE /* NotificationsView.swift */ = {isa = PBXFileReference; lastKnownFileType = sourcecode.swift; path = NotificationsView.swift; sourceTree = "<group>"; };
		3393050D2996D10B0070C1CE /* NotificationsView-ViewModel.swift */ = {isa = PBXFileReference; lastKnownFileType = sourcecode.swift; path = "NotificationsView-ViewModel.swift"; sourceTree = "<group>"; };
		33A92E5D29A3CC9F00F9D885 /* ParticipateInBetResponseModel.swift */ = {isa = PBXFileReference; lastKnownFileType = sourcecode.swift; path = ParticipateInBetResponseModel.swift; sourceTree = "<group>"; };
		33A92E5F29A3CCC000F9D885 /* BaseResponseModel.swift */ = {isa = PBXFileReference; lastKnownFileType = sourcecode.swift; path = BaseResponseModel.swift; sourceTree = "<group>"; };
		33A92E6829A3E83200F9D885 /* OtherUserProfileView.swift */ = {isa = PBXFileReference; lastKnownFileType = sourcecode.swift; path = OtherUserProfileView.swift; sourceTree = "<group>"; };
		33A92E6C29A409D900F9D885 /* BetPresentationModel.swift */ = {isa = PBXFileReference; lastKnownFileType = sourcecode.swift; name = BetPresentationModel.swift; path = BetterPlay/Presentation/Bets/BetsView/Model/BetPresentationModel.swift; sourceTree = SOURCE_ROOT; };
		33A92E6F29A40AF600F9D885 /* AuthenticationResponseModel.swift */ = {isa = PBXFileReference; lastKnownFileType = sourcecode.swift; path = AuthenticationResponseModel.swift; sourceTree = "<group>"; };
		33B8158029AE77B8003125DA /* ProfileView.swift */ = {isa = PBXFileReference; lastKnownFileType = sourcecode.swift; path = ProfileView.swift; sourceTree = "<group>"; };
		33B8158229AE7E5B003125DA /* RecoverPassResponseModel.swift */ = {isa = PBXFileReference; lastKnownFileType = sourcecode.swift; path = RecoverPassResponseModel.swift; sourceTree = "<group>"; };
		33C98B342996CBA200AF4672 /* ImagePicker.swift */ = {isa = PBXFileReference; lastKnownFileType = sourcecode.swift; path = ImagePicker.swift; sourceTree = "<group>"; };
		33CE1816299FEAC500CFFD13 /* DailyStreakView.swift */ = {isa = PBXFileReference; lastKnownFileType = sourcecode.swift; path = DailyStreakView.swift; sourceTree = "<group>"; };
		33F26BFD299A8F7100119263 /* CustomBackButton.swift */ = {isa = PBXFileReference; lastKnownFileType = sourcecode.swift; path = CustomBackButton.swift; sourceTree = "<group>"; };
		33F3F4F8299E7B190056BB77 /* EditPresentationModel.swift */ = {isa = PBXFileReference; lastKnownFileType = sourcecode.swift; path = EditPresentationModel.swift; sourceTree = "<group>"; };
		33F3F4FA299E7BF20056BB77 /* UserResponseModel.swift */ = {isa = PBXFileReference; lastKnownFileType = sourcecode.swift; path = UserResponseModel.swift; sourceTree = "<group>"; };
		33F3F4FC299E7DC40056BB77 /* EditUserResponseModel.swift */ = {isa = PBXFileReference; lastKnownFileType = sourcecode.swift; path = EditUserResponseModel.swift; sourceTree = "<group>"; };
		33F6A626299543DC00FFAB37 /* CustomTextField.swift */ = {isa = PBXFileReference; lastKnownFileType = sourcecode.swift; path = CustomTextField.swift; sourceTree = "<group>"; };
		33F6A62A299544E700FFAB37 /* CustomTabBar.swift */ = {isa = PBXFileReference; lastKnownFileType = sourcecode.swift; path = CustomTabBar.swift; sourceTree = "<group>"; };
		33F6A62F2995457C00FFAB37 /* ContentView.swift */ = {isa = PBXFileReference; lastKnownFileType = sourcecode.swift; path = ContentView.swift; sourceTree = "<group>"; };
		33F6A631299545AD00FFAB37 /* CustomNavBar.swift */ = {isa = PBXFileReference; lastKnownFileType = sourcecode.swift; path = CustomNavBar.swift; sourceTree = "<group>"; };
		33F6A633299545C900FFAB37 /* UserCoins.swift */ = {isa = PBXFileReference; lastKnownFileType = sourcecode.swift; path = UserCoins.swift; sourceTree = "<group>"; };
		33F6A6352995461700FFAB37 /* Searcher.swift */ = {isa = PBXFileReference; lastKnownFileType = sourcecode.swift; path = Searcher.swift; sourceTree = "<group>"; };
		33F6A64329954E1500FFAB37 /* NetworkHelper.swift */ = {isa = PBXFileReference; lastKnownFileType = sourcecode.swift; path = NetworkHelper.swift; sourceTree = "<group>"; };
		33F6A64629954F6100FFAB37 /* RegisterView-ViewModel.swift */ = {isa = PBXFileReference; lastKnownFileType = sourcecode.swift; path = "RegisterView-ViewModel.swift"; sourceTree = "<group>"; };
		33F6A64829954F6700FFAB37 /* RegisterView.swift */ = {isa = PBXFileReference; lastKnownFileType = sourcecode.swift; path = RegisterView.swift; sourceTree = "<group>"; };
		33F6A64B29954FAD00FFAB37 /* AuthenticationPresentationModel.swift */ = {isa = PBXFileReference; lastKnownFileType = sourcecode.swift; path = AuthenticationPresentationModel.swift; sourceTree = "<group>"; };
		33F6A661299555C300FFAB37 /* EditProfileView.swift */ = {isa = PBXFileReference; lastKnownFileType = sourcecode.swift; path = EditProfileView.swift; sourceTree = "<group>"; };
		33F6A663299555EE00FFAB37 /* EditProfileView-ViewModel.swift */ = {isa = PBXFileReference; lastKnownFileType = sourcecode.swift; path = "EditProfileView-ViewModel.swift"; sourceTree = "<group>"; };
		33F6A672299558AC00FFAB37 /* BetsView.swift */ = {isa = PBXFileReference; lastKnownFileType = sourcecode.swift; path = BetsView.swift; sourceTree = "<group>"; };
		33F6A674299558B700FFAB37 /* BetsView-ViewModel.swift */ = {isa = PBXFileReference; lastKnownFileType = sourcecode.swift; path = "BetsView-ViewModel.swift"; sourceTree = "<group>"; };
		33F6A67829955C5800FFAB37 /* BetDetailView.swift */ = {isa = PBXFileReference; lastKnownFileType = sourcecode.swift; path = BetDetailView.swift; sourceTree = "<group>"; };
		33F6A67C29955C7400FFAB37 /* BetDetailView-ViewModel.swift */ = {isa = PBXFileReference; lastKnownFileType = sourcecode.swift; path = "BetDetailView-ViewModel.swift"; sourceTree = "<group>"; };
		33F6A67E29955CEA00FFAB37 /* BetDetailPresentationModel.swift */ = {isa = PBXFileReference; lastKnownFileType = sourcecode.swift; path = BetDetailPresentationModel.swift; sourceTree = "<group>"; };
		33F6A681299560A500FFAB37 /* LoginView.swift */ = {isa = PBXFileReference; lastKnownFileType = sourcecode.swift; path = LoginView.swift; sourceTree = "<group>"; };
		33F6A683299560B500FFAB37 /* LoginView-ViewModel.swift */ = {isa = PBXFileReference; lastKnownFileType = sourcecode.swift; path = "LoginView-ViewModel.swift"; sourceTree = "<group>"; };
		33F6A68B2995641700FFAB37 /* RecoverPasswordCodeView.swift */ = {isa = PBXFileReference; lastKnownFileType = sourcecode.swift; path = RecoverPasswordCodeView.swift; sourceTree = "<group>"; };
		33F6A68D2995649D00FFAB37 /* NewPasswordView.swift */ = {isa = PBXFileReference; lastKnownFileType = sourcecode.swift; path = NewPasswordView.swift; sourceTree = "<group>"; };
		33F6A68F299564C300FFAB37 /* RecoverPassEmailView.swift */ = {isa = PBXFileReference; lastKnownFileType = sourcecode.swift; path = RecoverPassEmailView.swift; sourceTree = "<group>"; };
		33F6A6912995650800FFAB37 /* RecoverPassViewModel.swift */ = {isa = PBXFileReference; lastKnownFileType = sourcecode.swift; path = RecoverPassViewModel.swift; sourceTree = "<group>"; };
		33F6A695299566FB00FFAB37 /* CustomProgressView.swift */ = {isa = PBXFileReference; lastKnownFileType = sourcecode.swift; path = CustomProgressView.swift; sourceTree = "<group>"; };
		33F6A69929956A8700FFAB37 /* ProfileView-ViewModel.swift */ = {isa = PBXFileReference; fileEncoding = 4; lastKnownFileType = sourcecode.swift; path = "ProfileView-ViewModel.swift"; sourceTree = "<group>"; };
/* End PBXFileReference section */

/* Begin PBXFrameworksBuildPhase section */
		3359FA4C29883F4B00641FD7 /* Frameworks */ = {
			isa = PBXFrameworksBuildPhase;
			buildActionMask = 2147483647;
			files = (
			);
			runOnlyForDeploymentPostprocessing = 0;
		};
/* End PBXFrameworksBuildPhase section */

/* Begin PBXGroup section */
		104FEEFA29A2883B0091EAFC /* Model */ = {
			isa = PBXGroup;
			children = (
				104FEEFB29A2885D0091EAFC /* UserPresentationModel.swift */,
			);
			path = Model;
			sourceTree = "<group>";
		};
		104FEF0129A2BE1B0091EAFC /* Model */ = {
			isa = PBXGroup;
			children = (
				104FEF0229A2BE3F0091EAFC /* NotificationPresentationModel.swift */,
			);
			path = Model;
			sourceTree = "<group>";
		};
		1061675529BB354700EFBF08 /* Pools */ = {
			isa = PBXGroup;
			children = (
				3390E59829BBB5FA00D063B4 /* PoolMatch */,
				3390E59129BBB20600D063B4 /* PoolDetail */,
				1061676129BB396500EFBF08 /* PoolsCards */,
				1061675629BB355B00EFBF08 /* PoolsView */,
				3390E59629BBB42500D063B4 /* PoolNavBar.swift */,
			);
			path = Pools;
			sourceTree = "<group>";
		};
		1061675629BB355B00EFBF08 /* PoolsView */ = {
			isa = PBXGroup;
			children = (
				3390E58E29BBAD8500D063B4 /* Model */,
				1061675729BB356800EFBF08 /* PoolsView.swift */,
				1061675D29BB376300EFBF08 /* PoolsView-ViewModel.swift */,
			);
			path = PoolsView;
			sourceTree = "<group>";
		};
		1061676129BB396500EFBF08 /* PoolsCards */ = {
			isa = PBXGroup;
			children = (
				1061676229BB3A4800EFBF08 /* PoolCard.swift */,
			);
			path = PoolsCards;
			sourceTree = "<group>";
		};
		106A518F29A37C5E00208BF7 /* ParticipateInBet */ = {
			isa = PBXGroup;
			children = (
				3308B32A29A66E5A00FD84D7 /* Model */,
				106A519229A3806800208BF7 /* ParticipateInBetView-ViewModel.swift */,
				106A519429A3808E00208BF7 /* ParticipateInBetView.swift */,
			);
			path = ParticipateInBet;
			sourceTree = "<group>";
		};
		3308B32A29A66E5A00FD84D7 /* Model */ = {
			isa = PBXGroup;
			children = (
				3308B32829A66E5400FD84D7 /* ParticipateInBetModel.swift */,
			);
			path = Model;
			sourceTree = "<group>";
		};
		3308B32B29A67E4100FD84D7 /* Views */ = {
			isa = PBXGroup;
			children = (
				3308E6BD299BFBB200E2113D /* FriendProfileView.swift */,
				33B8158029AE77B8003125DA /* ProfileView.swift */,
			);
			path = Views;
			sourceTree = "<group>";
		};
		333873A629AFAAF10006A30A /* Model */ = {
			isa = PBXGroup;
			children = (
				333873A429AFAAEC0006A30A /* RecoverPassPresentationModel.swift */,
			);
			path = Model;
			sourceTree = "<group>";
		};
		3359FA4629883F4B00641FD7 = {
			isa = PBXGroup;
			children = (
				3359FA5129883F4B00641FD7 /* BetterPlay */,
				3359FA5029883F4B00641FD7 /* Products */,
			);
			sourceTree = "<group>";
		};
		3359FA5029883F4B00641FD7 /* Products */ = {
			isa = PBXGroup;
			children = (
				3359FA4F29883F4B00641FD7 /* BetterPlay.app */,
			);
			name = Products;
			sourceTree = "<group>";
		};
		3359FA5129883F4B00641FD7 /* BetterPlay */ = {
			isa = PBXGroup;
			children = (
				33C98B332996CB5200AF4672 /* Domain */,
				33F6A61F2995437200FFAB37 /* Presentation */,
				33F6A6202995437A00FFAB37 /* Data */,
				3359FA5229883F4B00641FD7 /* BetterPlayApp.swift */,
				3359FA5629883F4C00641FD7 /* Assets.xcassets */,
				3359FA5829883F4C00641FD7 /* Preview Content */,
			);
			path = BetterPlay;
			sourceTree = "<group>";
		};
		3359FA5829883F4C00641FD7 /* Preview Content */ = {
			isa = PBXGroup;
			children = (
				3359FA5929883F4C00641FD7 /* Preview Assets.xcassets */,
			);
			path = "Preview Content";
			sourceTree = "<group>";
		};
		3390E58E29BBAD8500D063B4 /* Model */ = {
			isa = PBXGroup;
			children = (
				3390E58F29BBAD9100D063B4 /* PoolPresentationModel.swift */,
			);
			path = Model;
			sourceTree = "<group>";
		};
		3390E59129BBB20600D063B4 /* PoolDetail */ = {
			isa = PBXGroup;
			children = (
				3390E59229BBB22E00D063B4 /* PoolDetailView.swift */,
				3390E59429BBB23D00D063B4 /* PoolDetailView-ViewModel.swift */,
			);
			path = PoolDetail;
			sourceTree = "<group>";
		};
		3390E59829BBB5FA00D063B4 /* PoolMatch */ = {
			isa = PBXGroup;
			children = (
				3390E59B29BBB62500D063B4 /* PoolMatch.swift */,
				3390E59D29BBB62F00D063B4 /* SpecialPoolMatch.swift */,
				3390E5A129BBC33A00D063B4 /* SelectExactResult.swift */,
			);
			path = PoolMatch;
			sourceTree = "<group>";
		};
		339305032996C7550070C1CE /* UserSearcher */ = {
			isa = PBXGroup;
			children = (
				104FEEFA29A2883B0091EAFC /* Model */,
				339305042996C7650070C1CE /* UserSearcherView.swift */,
				339305062996C7720070C1CE /* UserSearcherView-ViewModel.swift */,
			);
			path = UserSearcher;
			sourceTree = "<group>";
		};
		3393050A2996D0E40070C1CE /* Notifications */ = {
			isa = PBXGroup;
			children = (
				104FEF0129A2BE1B0091EAFC /* Model */,
				3393050B2996D0FE0070C1CE /* NotificationsView.swift */,
				3393050D2996D10B0070C1CE /* NotificationsView-ViewModel.swift */,
			);
			path = Notifications;
			sourceTree = "<group>";
		};
		33A92E6729A3E7E800F9D885 /* OtherUserProfile */ = {
			isa = PBXGroup;
			children = (
				33A92E6829A3E83200F9D885 /* OtherUserProfileView.swift */,
			);
			path = OtherUserProfile;
			sourceTree = "<group>";
		};
		33A92E6E29A409E400F9D885 /* Model */ = {
			isa = PBXGroup;
			children = (
				33A92E6C29A409D900F9D885 /* BetPresentationModel.swift */,
			);
			path = Model;
			sourceTree = "<group>";
		};
		33C98B332996CB5200AF4672 /* Domain */ = {
			isa = PBXGroup;
			children = (
				33C98B362996CBC900AF4672 /* Library */,
			);
			path = Domain;
			sourceTree = "<group>";
		};
		33C98B362996CBC900AF4672 /* Library */ = {
			isa = PBXGroup;
			children = (
				33C98B342996CBA200AF4672 /* ImagePicker.swift */,
			);
			path = Library;
			sourceTree = "<group>";
		};
		33CE1815299FEA2600CFFD13 /* DailyStreak */ = {
			isa = PBXGroup;
			children = (
				33CE1816299FEAC500CFFD13 /* DailyStreakView.swift */,
				33769FCA29A3C19300169FC5 /* DailyStreakView-ViewModel.swift */,
			);
			path = DailyStreak;
			sourceTree = "<group>";
		};
		33F3F4F7299E7B060056BB77 /* Model */ = {
			isa = PBXGroup;
			children = (
				33F3F4F8299E7B190056BB77 /* EditPresentationModel.swift */,
				331842FD29A552FD003DB051 /* ImagePresentationModel.swift */,
			);
			path = Model;
			sourceTree = "<group>";
		};
		33F6A61F2995437200FFAB37 /* Presentation */ = {
			isa = PBXGroup;
			children = (
				1061675529BB354700EFBF08 /* Pools */,
				33F6A62F2995457C00FFAB37 /* ContentView.swift */,
				33A92E6729A3E7E800F9D885 /* OtherUserProfile */,
				339305032996C7550070C1CE /* UserSearcher */,
				3393050A2996D0E40070C1CE /* Notifications */,
				33CE1815299FEA2600CFFD13 /* DailyStreak */,
				33F6A69C29956AB100FFAB37 /* Bets */,
				33F6A69B29956A9800FFAB37 /* Authentication */,
				33F6A6602995559D00FFAB37 /* EditProfile */,
				33F6A6652995575500FFAB37 /* Profile */,
				33F6A6242995439200FFAB37 /* Components */,
			);
			path = Presentation;
			sourceTree = "<group>";
		};
		33F6A6202995437A00FFAB37 /* Data */ = {
			isa = PBXGroup;
			children = (
				33F6A6212995437F00FFAB37 /* Model */,
				33F6A64329954E1500FFAB37 /* NetworkHelper.swift */,
			);
			path = Data;
			sourceTree = "<group>";
		};
		33F6A6212995437F00FFAB37 /* Model */ = {
			isa = PBXGroup;
			children = (
				3308B32E29A687A000FD84D7 /* BetListResponseModel.swift */,
				104FEEF629A285400091EAFC /* UserResponseModel.swift */,
				104FEEF829A285670091EAFC /* UserSearcherResponseModel.swift */,
				104FEEFD29A2BBA30091EAFC /* NotificationListResponseModel.swift */,
				104FEEFF29A2BBAE0091EAFC /* NotificationResponseModel.swift */,
				33A92E5D29A3CC9F00F9D885 /* ParticipateInBetResponseModel.swift */,
				33A92E5F29A3CCC000F9D885 /* BaseResponseModel.swift */,
				3368636F299E7E74008140E2 /* BetResponseModel.swift */,
				33A92E6F29A40AF600F9D885 /* AuthenticationResponseModel.swift */,
				33F3F4FA299E7BF20056BB77 /* UserResponseModel.swift */,
				33F3F4FC299E7DC40056BB77 /* EditUserResponseModel.swift */,
				331842FF29A5536F003DB051 /* ImageResponseModel.swift */,
				3308B32C29A6830400FD84D7 /* BetListResponseModel.swift */,
				33B8158229AE7E5B003125DA /* RecoverPassResponseModel.swift */,
				1061675929BB358600EFBF08 /* PoolsListResponseModel.swift */,
				1061675B29BB35BA00EFBF08 /* PoolResponseModel.swift */,
			);
			path = Model;
			sourceTree = "<group>";
		};
		33F6A6242995439200FFAB37 /* Components */ = {
			isa = PBXGroup;
			children = (
				33F6A62C2995451500FFAB37 /* CustomTabBar */,
				33F6A626299543DC00FFAB37 /* CustomTextField.swift */,
				33F6A631299545AD00FFAB37 /* CustomNavBar.swift */,
				33F6A633299545C900FFAB37 /* UserCoins.swift */,
				33F6A6352995461700FFAB37 /* Searcher.swift */,
				33F6A695299566FB00FFAB37 /* CustomProgressView.swift */,
				339305082996C7F80070C1CE /* UserCard.swift */,
				33262E69299A8FEA009C89A8 /* CustomProgressView.swift */,
				33F26BFD299A8F7100119263 /* CustomBackButton.swift */,
				1061675F29BB37AA00EFBF08 /* Logo.swift */,
			);
			path = Components;
			sourceTree = "<group>";
		};
		33F6A62C2995451500FFAB37 /* CustomTabBar */ = {
			isa = PBXGroup;
			children = (
				33F6A62A299544E700FFAB37 /* CustomTabBar.swift */,
			);
			path = CustomTabBar;
			sourceTree = "<group>";
		};
		33F6A64529954F5200FFAB37 /* Register */ = {
			isa = PBXGroup;
			children = (
				33F6A64A29954F9F00FFAB37 /* Model */,
				33F6A64629954F6100FFAB37 /* RegisterView-ViewModel.swift */,
				33F6A64829954F6700FFAB37 /* RegisterView.swift */,
			);
			path = Register;
			sourceTree = "<group>";
		};
		33F6A64A29954F9F00FFAB37 /* Model */ = {
			isa = PBXGroup;
			children = (
				33F6A64B29954FAD00FFAB37 /* AuthenticationPresentationModel.swift */,
			);
			path = Model;
			sourceTree = "<group>";
		};
		33F6A6602995559D00FFAB37 /* EditProfile */ = {
			isa = PBXGroup;
			children = (
				33F3F4F7299E7B060056BB77 /* Model */,
				33F6A661299555C300FFAB37 /* EditProfileView.swift */,
				33F6A663299555EE00FFAB37 /* EditProfileView-ViewModel.swift */,
			);
			path = EditProfile;
			sourceTree = "<group>";
		};
		33F6A6652995575500FFAB37 /* Profile */ = {
			isa = PBXGroup;
			children = (
				3308E6BB299BF1A000E2113D /* ProfileNavBar.swift */,
				33F6A69929956A8700FFAB37 /* ProfileView-ViewModel.swift */,
				3308B32B29A67E4100FD84D7 /* Views */,
			);
			path = Profile;
			sourceTree = "<group>";
		};
		33F6A66A2995587A00FFAB37 /* BetsView */ = {
			isa = PBXGroup;
			children = (
				33A92E6E29A409E400F9D885 /* Model */,
				33F6A672299558AC00FFAB37 /* BetsView.swift */,
				33F6A674299558B700FFAB37 /* BetsView-ViewModel.swift */,
			);
			path = BetsView;
			sourceTree = "<group>";
		};
		33F6A66B2995588000FFAB37 /* SportCard */ = {
			isa = PBXGroup;
			children = (
				333F62C829A54C0A0064D45C /* SportCard.swift */,
			);
			path = SportCard;
			sourceTree = "<group>";
		};
		33F6A67629955C4400FFAB37 /* BetDetail */ = {
			isa = PBXGroup;
			children = (
				33F6A67729955C4D00FFAB37 /* Model */,
				33F6A67829955C5800FFAB37 /* BetDetailView.swift */,
				33F6A67C29955C7400FFAB37 /* BetDetailView-ViewModel.swift */,
			);
			name = BetDetail;
			path = ../BetDetail;
			sourceTree = "<group>";
		};
		33F6A67729955C4D00FFAB37 /* Model */ = {
			isa = PBXGroup;
			children = (
				33F6A67E29955CEA00FFAB37 /* BetDetailPresentationModel.swift */,
			);
			path = Model;
			sourceTree = "<group>";
		};
		33F6A6802995609600FFAB37 /* Login */ = {
			isa = PBXGroup;
			children = (
				33F6A681299560A500FFAB37 /* LoginView.swift */,
				33F6A683299560B500FFAB37 /* LoginView-ViewModel.swift */,
			);
			path = Login;
			sourceTree = "<group>";
		};
		33F6A688299563E200FFAB37 /* RecoverPassword */ = {
			isa = PBXGroup;
			children = (
				333873A629AFAAF10006A30A /* Model */,
				33F6A68A299563F400FFAB37 /* ViewModel */,
				33F6A689299563EB00FFAB37 /* View */,
			);
			path = RecoverPassword;
			sourceTree = "<group>";
		};
		33F6A689299563EB00FFAB37 /* View */ = {
			isa = PBXGroup;
			children = (
				33F6A68B2995641700FFAB37 /* RecoverPasswordCodeView.swift */,
				33F6A68D2995649D00FFAB37 /* NewPasswordView.swift */,
				33F6A68F299564C300FFAB37 /* RecoverPassEmailView.swift */,
			);
			path = View;
			sourceTree = "<group>";
		};
		33F6A68A299563F400FFAB37 /* ViewModel */ = {
			isa = PBXGroup;
			children = (
				33F6A6912995650800FFAB37 /* RecoverPassViewModel.swift */,
			);
			path = ViewModel;
			sourceTree = "<group>";
		};
		33F6A69B29956A9800FFAB37 /* Authentication */ = {
			isa = PBXGroup;
			children = (
				33F6A688299563E200FFAB37 /* RecoverPassword */,
				33F6A64529954F5200FFAB37 /* Register */,
				33F6A6802995609600FFAB37 /* Login */,
			);
			path = Authentication;
			sourceTree = "<group>";
		};
		33F6A69C29956AB100FFAB37 /* Bets */ = {
			isa = PBXGroup;
			children = (
				33F6A67629955C4400FFAB37 /* BetDetail */,
				106A518F29A37C5E00208BF7 /* ParticipateInBet */,
				33F6A66A2995587A00FFAB37 /* BetsView */,
				33F6A66B2995588000FFAB37 /* SportCard */,
			);
			path = Bets;
			sourceTree = "<group>";
		};
/* End PBXGroup section */

/* Begin PBXNativeTarget section */
		3359FA4E29883F4B00641FD7 /* BetterPlay */ = {
			isa = PBXNativeTarget;
			buildConfigurationList = 3359FA5D29883F4C00641FD7 /* Build configuration list for PBXNativeTarget "BetterPlay" */;
			buildPhases = (
				3359FA4B29883F4B00641FD7 /* Sources */,
				3359FA4C29883F4B00641FD7 /* Frameworks */,
				3359FA4D29883F4B00641FD7 /* Resources */,
			);
			buildRules = (
			);
			dependencies = (
			);
			name = BetterPlay;
			productName = BetterPlay;
			productReference = 3359FA4F29883F4B00641FD7 /* BetterPlay.app */;
			productType = "com.apple.product-type.application";
		};
/* End PBXNativeTarget section */

/* Begin PBXProject section */
		3359FA4729883F4B00641FD7 /* Project object */ = {
			isa = PBXProject;
			attributes = {
				BuildIndependentTargetsInParallel = 1;
				LastSwiftUpdateCheck = 1340;
				LastUpgradeCheck = 1340;
				TargetAttributes = {
					3359FA4E29883F4B00641FD7 = {
						CreatedOnToolsVersion = 13.4.1;
					};
				};
			};
			buildConfigurationList = 3359FA4A29883F4B00641FD7 /* Build configuration list for PBXProject "BetterPlay" */;
			compatibilityVersion = "Xcode 13.0";
			developmentRegion = en;
			hasScannedForEncodings = 0;
			knownRegions = (
				en,
				Base,
			);
			mainGroup = 3359FA4629883F4B00641FD7;
			productRefGroup = 3359FA5029883F4B00641FD7 /* Products */;
			projectDirPath = "";
			projectRoot = "";
			targets = (
				3359FA4E29883F4B00641FD7 /* BetterPlay */,
			);
		};
/* End PBXProject section */

/* Begin PBXResourcesBuildPhase section */
		3359FA4D29883F4B00641FD7 /* Resources */ = {
			isa = PBXResourcesBuildPhase;
			buildActionMask = 2147483647;
			files = (
				3359FA5A29883F4C00641FD7 /* Preview Assets.xcassets in Resources */,
				3359FA5729883F4C00641FD7 /* Assets.xcassets in Resources */,
			);
			runOnlyForDeploymentPostprocessing = 0;
		};
/* End PBXResourcesBuildPhase section */

/* Begin PBXSourcesBuildPhase section */
		3359FA4B29883F4B00641FD7 /* Sources */ = {
			isa = PBXSourcesBuildPhase;
			buildActionMask = 2147483647;
			files = (
				33F6A64929954F6700FFAB37 /* RegisterView.swift in Sources */,
				33F6A684299560B500FFAB37 /* LoginView-ViewModel.swift in Sources */,
				3393050E2996D10B0070C1CE /* NotificationsView-ViewModel.swift in Sources */,
				104FEF0029A2BBAE0091EAFC /* NotificationResponseModel.swift in Sources */,
				33F6A68E2995649D00FFAB37 /* NewPasswordView.swift in Sources */,
				33F6A662299555C300FFAB37 /* EditProfileView.swift in Sources */,
				33F6A632299545AD00FFAB37 /* CustomNavBar.swift in Sources */,
				333873A529AFAAEC0006A30A /* RecoverPassPresentationModel.swift in Sources */,
				33F6A68C2995641700FFAB37 /* RecoverPasswordCodeView.swift in Sources */,
				339305072996C7720070C1CE /* UserSearcherView-ViewModel.swift in Sources */,
				3393050C2996D0FE0070C1CE /* NotificationsView.swift in Sources */,
				104FEEFE29A2BBA30091EAFC /* NotificationListResponseModel.swift in Sources */,
				33A92E6929A3E83200F9D885 /* OtherUserProfileView.swift in Sources */,
				1061675E29BB376300EFBF08 /* PoolsView-ViewModel.swift in Sources */,
				106A519329A3806800208BF7 /* ParticipateInBetView-ViewModel.swift in Sources */,
				333F62C929A54C0A0064D45C /* SportCard.swift in Sources */,
				33F6A67F29955CEA00FFAB37 /* BetDetailPresentationModel.swift in Sources */,
				33F6A67F29955CEA00FFAB37 /* BetDetailPresentationModel.swift in Sources */,
				33686370299E7E74008140E2 /* BetResponseModel.swift in Sources */,
				33A92E7029A40AF600F9D885 /* AuthenticationResponseModel.swift in Sources */,
				33F6A64429954E1500FFAB37 /* NetworkHelper.swift in Sources */,
				33A92E6029A3CCC000F9D885 /* BaseResponseModel.swift in Sources */,
				33F6A64729954F6100FFAB37 /* RegisterView-ViewModel.swift in Sources */,
				104FEEF929A285670091EAFC /* UserSearcherResponseModel.swift in Sources */,
				3308E6BE299BFBB200E2113D /* FriendProfileView.swift in Sources */,
				1061675A29BB358600EFBF08 /* PoolsListResponseModel.swift in Sources */,
				1061675829BB356800EFBF08 /* PoolsView.swift in Sources */,
				33262E6A299A8FEA009C89A8 /* CustomProgressView.swift in Sources */,
				1061676029BB37AA00EFBF08 /* Logo.swift in Sources */,
				33B8158129AE77B8003125DA /* ProfileView.swift in Sources */,
				331842FE29A552FD003DB051 /* ImagePresentationModel.swift in Sources */,
				3318430029A5536F003DB051 /* ImageResponseModel.swift in Sources */,
				33F3F4F9299E7B190056BB77 /* EditPresentationModel.swift in Sources */,
				33F6A627299543DC00FFAB37 /* CustomTextField.swift in Sources */,
				339305092996C7F80070C1CE /* UserCard.swift in Sources */,
				33F6A664299555EE00FFAB37 /* EditProfileView-ViewModel.swift in Sources */,
				33CE1817299FEAC500CFFD13 /* DailyStreakView.swift in Sources */,
				3390E59029BBAD9100D063B4 /* PoolPresentationModel.swift in Sources */,
				33F6A67929955C5800FFAB37 /* BetDetailView.swift in Sources */,
				33A92E5E29A3CC9F00F9D885 /* ParticipateInBetResponseModel.swift in Sources */,
				33F6A634299545C900FFAB37 /* UserCoins.swift in Sources */,
				3390E5A229BBC33A00D063B4 /* SelectExactResult.swift in Sources */,
				104FEEFC29A2885D0091EAFC /* UserPresentationModel.swift in Sources */,
				33F6A6302995457C00FFAB37 /* ContentView.swift in Sources */,
				1061675C29BB35BA00EFBF08 /* PoolResponseModel.swift in Sources */,
				3390E59529BBB23D00D063B4 /* PoolDetailView-ViewModel.swift in Sources */,
				3390E59E29BBB62F00D063B4 /* SpecialPoolMatch.swift in Sources */,
				3308B32F29A687A000FD84D7 /* BetListResponseModel.swift in Sources */,
				33B8158329AE7E5B003125DA /* RecoverPassResponseModel.swift in Sources */,
				1061676329BB3A4800EFBF08 /* PoolCard.swift in Sources */,
				33F6A62B299544E700FFAB37 /* CustomTabBar.swift in Sources */,
				33F6A64C29954FAD00FFAB37 /* AuthenticationPresentationModel.swift in Sources */,
				339305052996C7650070C1CE /* UserSearcherView.swift in Sources */,
				3390E59729BBB42500D063B4 /* PoolNavBar.swift in Sources */,
				33F6A696299566FB00FFAB37 /* CustomProgressView.swift in Sources */,
				3390E59329BBB22E00D063B4 /* PoolDetailView.swift in Sources */,
				33769FCB29A3C19300169FC5 /* DailyStreakView-ViewModel.swift in Sources */,
				3390E59C29BBB62500D063B4 /* PoolMatch.swift in Sources */,
				33F6A69A29956A8700FFAB37 /* ProfileView-ViewModel.swift in Sources */,
				3308B32D29A6830400FD84D7 /* BetListResponseModel.swift in Sources */,
				3308B32929A66E5400FD84D7 /* ParticipateInBetModel.swift in Sources */,
				33F6A690299564C300FFAB37 /* RecoverPassEmailView.swift in Sources */,
				104FEF0329A2BE3F0091EAFC /* NotificationPresentationModel.swift in Sources */,
				33F6A6922995650800FFAB37 /* RecoverPassViewModel.swift in Sources */,
				33F6A673299558AC00FFAB37 /* BetsView.swift in Sources */,
				104FEEF729A285400091EAFC /* UserResponseModel.swift in Sources */,
				33A92E6D29A409D900F9D885 /* BetPresentationModel.swift in Sources */,
				33C98B352996CBA200AF4672 /* ImagePicker.swift in Sources */,
				33F3F4FD299E7DC40056BB77 /* EditUserResponseModel.swift in Sources */,
				33F6A6362995461700FFAB37 /* Searcher.swift in Sources */,
				33F6A682299560A500FFAB37 /* LoginView.swift in Sources */,
				3308E6BC299BF1A000E2113D /* ProfileNavBar.swift in Sources */,
				33F26BFE299A8F7100119263 /* CustomBackButton.swift in Sources */,
				33F3F4FB299E7BF20056BB77 /* UserResponseModel.swift in Sources */,
				3359FA5329883F4B00641FD7 /* BetterPlayApp.swift in Sources */,
				33F6A675299558B700FFAB37 /* BetsView-ViewModel.swift in Sources */,
				106A519529A3808E00208BF7 /* ParticipateInBetView.swift in Sources */,
				33F6A67D29955C7400FFAB37 /* BetDetailView-ViewModel.swift in Sources */,
			);
			runOnlyForDeploymentPostprocessing = 0;
		};
/* End PBXSourcesBuildPhase section */

/* Begin XCBuildConfiguration section */
		3359FA5B29883F4C00641FD7 /* Debug */ = {
			isa = XCBuildConfiguration;
			buildSettings = {
				ALWAYS_SEARCH_USER_PATHS = NO;
				CLANG_ANALYZER_NONNULL = YES;
				CLANG_ANALYZER_NUMBER_OBJECT_CONVERSION = YES_AGGRESSIVE;
				CLANG_CXX_LANGUAGE_STANDARD = "gnu++17";
				CLANG_ENABLE_MODULES = YES;
				CLANG_ENABLE_OBJC_ARC = YES;
				CLANG_ENABLE_OBJC_WEAK = YES;
				CLANG_WARN_BLOCK_CAPTURE_AUTORELEASING = YES;
				CLANG_WARN_BOOL_CONVERSION = YES;
				CLANG_WARN_COMMA = YES;
				CLANG_WARN_CONSTANT_CONVERSION = YES;
				CLANG_WARN_DEPRECATED_OBJC_IMPLEMENTATIONS = YES;
				CLANG_WARN_DIRECT_OBJC_ISA_USAGE = YES_ERROR;
				CLANG_WARN_DOCUMENTATION_COMMENTS = YES;
				CLANG_WARN_EMPTY_BODY = YES;
				CLANG_WARN_ENUM_CONVERSION = YES;
				CLANG_WARN_INFINITE_RECURSION = YES;
				CLANG_WARN_INT_CONVERSION = YES;
				CLANG_WARN_NON_LITERAL_NULL_CONVERSION = YES;
				CLANG_WARN_OBJC_IMPLICIT_RETAIN_SELF = YES;
				CLANG_WARN_OBJC_LITERAL_CONVERSION = YES;
				CLANG_WARN_OBJC_ROOT_CLASS = YES_ERROR;
				CLANG_WARN_QUOTED_INCLUDE_IN_FRAMEWORK_HEADER = YES;
				CLANG_WARN_RANGE_LOOP_ANALYSIS = YES;
				CLANG_WARN_STRICT_PROTOTYPES = YES;
				CLANG_WARN_SUSPICIOUS_MOVE = YES;
				CLANG_WARN_UNGUARDED_AVAILABILITY = YES_AGGRESSIVE;
				CLANG_WARN_UNREACHABLE_CODE = YES;
				CLANG_WARN__DUPLICATE_METHOD_MATCH = YES;
				COPY_PHASE_STRIP = NO;
				DEBUG_INFORMATION_FORMAT = dwarf;
				ENABLE_STRICT_OBJC_MSGSEND = YES;
				ENABLE_TESTABILITY = YES;
				GCC_C_LANGUAGE_STANDARD = gnu11;
				GCC_DYNAMIC_NO_PIC = NO;
				GCC_NO_COMMON_BLOCKS = YES;
				GCC_OPTIMIZATION_LEVEL = 0;
				GCC_PREPROCESSOR_DEFINITIONS = (
					"DEBUG=1",
					"$(inherited)",
				);
				GCC_WARN_64_TO_32_BIT_CONVERSION = YES;
				GCC_WARN_ABOUT_RETURN_TYPE = YES_ERROR;
				GCC_WARN_UNDECLARED_SELECTOR = YES;
				GCC_WARN_UNINITIALIZED_AUTOS = YES_AGGRESSIVE;
				GCC_WARN_UNUSED_FUNCTION = YES;
				GCC_WARN_UNUSED_VARIABLE = YES;
				IPHONEOS_DEPLOYMENT_TARGET = 15.5;
				MTL_ENABLE_DEBUG_INFO = INCLUDE_SOURCE;
				MTL_FAST_MATH = YES;
				ONLY_ACTIVE_ARCH = YES;
				SDKROOT = iphoneos;
				SWIFT_ACTIVE_COMPILATION_CONDITIONS = DEBUG;
				SWIFT_OPTIMIZATION_LEVEL = "-Onone";
			};
			name = Debug;
		};
		3359FA5C29883F4C00641FD7 /* Release */ = {
			isa = XCBuildConfiguration;
			buildSettings = {
				ALWAYS_SEARCH_USER_PATHS = NO;
				CLANG_ANALYZER_NONNULL = YES;
				CLANG_ANALYZER_NUMBER_OBJECT_CONVERSION = YES_AGGRESSIVE;
				CLANG_CXX_LANGUAGE_STANDARD = "gnu++17";
				CLANG_ENABLE_MODULES = YES;
				CLANG_ENABLE_OBJC_ARC = YES;
				CLANG_ENABLE_OBJC_WEAK = YES;
				CLANG_WARN_BLOCK_CAPTURE_AUTORELEASING = YES;
				CLANG_WARN_BOOL_CONVERSION = YES;
				CLANG_WARN_COMMA = YES;
				CLANG_WARN_CONSTANT_CONVERSION = YES;
				CLANG_WARN_DEPRECATED_OBJC_IMPLEMENTATIONS = YES;
				CLANG_WARN_DIRECT_OBJC_ISA_USAGE = YES_ERROR;
				CLANG_WARN_DOCUMENTATION_COMMENTS = YES;
				CLANG_WARN_EMPTY_BODY = YES;
				CLANG_WARN_ENUM_CONVERSION = YES;
				CLANG_WARN_INFINITE_RECURSION = YES;
				CLANG_WARN_INT_CONVERSION = YES;
				CLANG_WARN_NON_LITERAL_NULL_CONVERSION = YES;
				CLANG_WARN_OBJC_IMPLICIT_RETAIN_SELF = YES;
				CLANG_WARN_OBJC_LITERAL_CONVERSION = YES;
				CLANG_WARN_OBJC_ROOT_CLASS = YES_ERROR;
				CLANG_WARN_QUOTED_INCLUDE_IN_FRAMEWORK_HEADER = YES;
				CLANG_WARN_RANGE_LOOP_ANALYSIS = YES;
				CLANG_WARN_STRICT_PROTOTYPES = YES;
				CLANG_WARN_SUSPICIOUS_MOVE = YES;
				CLANG_WARN_UNGUARDED_AVAILABILITY = YES_AGGRESSIVE;
				CLANG_WARN_UNREACHABLE_CODE = YES;
				CLANG_WARN__DUPLICATE_METHOD_MATCH = YES;
				COPY_PHASE_STRIP = NO;
				DEBUG_INFORMATION_FORMAT = "dwarf-with-dsym";
				ENABLE_NS_ASSERTIONS = NO;
				ENABLE_STRICT_OBJC_MSGSEND = YES;
				GCC_C_LANGUAGE_STANDARD = gnu11;
				GCC_NO_COMMON_BLOCKS = YES;
				GCC_WARN_64_TO_32_BIT_CONVERSION = YES;
				GCC_WARN_ABOUT_RETURN_TYPE = YES_ERROR;
				GCC_WARN_UNDECLARED_SELECTOR = YES;
				GCC_WARN_UNINITIALIZED_AUTOS = YES_AGGRESSIVE;
				GCC_WARN_UNUSED_FUNCTION = YES;
				GCC_WARN_UNUSED_VARIABLE = YES;
				IPHONEOS_DEPLOYMENT_TARGET = 15.5;
				MTL_ENABLE_DEBUG_INFO = NO;
				MTL_FAST_MATH = YES;
				SDKROOT = iphoneos;
				SWIFT_COMPILATION_MODE = wholemodule;
				SWIFT_OPTIMIZATION_LEVEL = "-O";
				VALIDATE_PRODUCT = YES;
			};
			name = Release;
		};
		3359FA5E29883F4C00641FD7 /* Debug */ = {
			isa = XCBuildConfiguration;
			buildSettings = {
				ASSETCATALOG_COMPILER_APPICON_NAME = AppIcon;
				ASSETCATALOG_COMPILER_GLOBAL_ACCENT_COLOR_NAME = AccentColor;
				CODE_SIGN_STYLE = Automatic;
				CURRENT_PROJECT_VERSION = 1;
				DEVELOPMENT_ASSET_PATHS = "\"BetterPlay/Preview Content\"";
				ENABLE_PREVIEWS = YES;
				GENERATE_INFOPLIST_FILE = YES;
				INFOPLIST_KEY_UIApplicationSceneManifest_Generation = YES;
				INFOPLIST_KEY_UIApplicationSupportsIndirectInputEvents = YES;
				INFOPLIST_KEY_UILaunchScreen_Generation = YES;
				INFOPLIST_KEY_UISupportedInterfaceOrientations_iPad = "UIInterfaceOrientationPortrait UIInterfaceOrientationPortraitUpsideDown UIInterfaceOrientationLandscapeLeft UIInterfaceOrientationLandscapeRight";
				INFOPLIST_KEY_UISupportedInterfaceOrientations_iPhone = "UIInterfaceOrientationPortrait UIInterfaceOrientationLandscapeLeft UIInterfaceOrientationLandscapeRight";
				LD_RUNPATH_SEARCH_PATHS = (
					"$(inherited)",
					"@executable_path/Frameworks",
				);
				MARKETING_VERSION = 1.0;
				PRODUCT_BUNDLE_IDENTIFIER = andres.com.BetterPlay;
				PRODUCT_NAME = "$(TARGET_NAME)";
				SWIFT_EMIT_LOC_STRINGS = YES;
				SWIFT_VERSION = 5.0;
				TARGETED_DEVICE_FAMILY = "1,2";
			};
			name = Debug;
		};
		3359FA5F29883F4C00641FD7 /* Release */ = {
			isa = XCBuildConfiguration;
			buildSettings = {
				ASSETCATALOG_COMPILER_APPICON_NAME = AppIcon;
				ASSETCATALOG_COMPILER_GLOBAL_ACCENT_COLOR_NAME = AccentColor;
				CODE_SIGN_STYLE = Automatic;
				CURRENT_PROJECT_VERSION = 1;
				DEVELOPMENT_ASSET_PATHS = "\"BetterPlay/Preview Content\"";
				ENABLE_PREVIEWS = YES;
				GENERATE_INFOPLIST_FILE = YES;
				INFOPLIST_KEY_UIApplicationSceneManifest_Generation = YES;
				INFOPLIST_KEY_UIApplicationSupportsIndirectInputEvents = YES;
				INFOPLIST_KEY_UILaunchScreen_Generation = YES;
				INFOPLIST_KEY_UISupportedInterfaceOrientations_iPad = "UIInterfaceOrientationPortrait UIInterfaceOrientationPortraitUpsideDown UIInterfaceOrientationLandscapeLeft UIInterfaceOrientationLandscapeRight";
				INFOPLIST_KEY_UISupportedInterfaceOrientations_iPhone = "UIInterfaceOrientationPortrait UIInterfaceOrientationLandscapeLeft UIInterfaceOrientationLandscapeRight";
				LD_RUNPATH_SEARCH_PATHS = (
					"$(inherited)",
					"@executable_path/Frameworks",
				);
				MARKETING_VERSION = 1.0;
				PRODUCT_BUNDLE_IDENTIFIER = andres.com.BetterPlay;
				PRODUCT_NAME = "$(TARGET_NAME)";
				SWIFT_EMIT_LOC_STRINGS = YES;
				SWIFT_VERSION = 5.0;
				TARGETED_DEVICE_FAMILY = "1,2";
			};
			name = Release;
		};
/* End XCBuildConfiguration section */

/* Begin XCConfigurationList section */
		3359FA4A29883F4B00641FD7 /* Build configuration list for PBXProject "BetterPlay" */ = {
			isa = XCConfigurationList;
			buildConfigurations = (
				3359FA5B29883F4C00641FD7 /* Debug */,
				3359FA5C29883F4C00641FD7 /* Release */,
			);
			defaultConfigurationIsVisible = 0;
			defaultConfigurationName = Release;
		};
		3359FA5D29883F4C00641FD7 /* Build configuration list for PBXNativeTarget "BetterPlay" */ = {
			isa = XCConfigurationList;
			buildConfigurations = (
				3359FA5E29883F4C00641FD7 /* Debug */,
				3359FA5F29883F4C00641FD7 /* Release */,
			);
			defaultConfigurationIsVisible = 0;
			defaultConfigurationName = Release;
		};
/* End XCConfigurationList section */
	};
	rootObject = 3359FA4729883F4B00641FD7 /* Project object */;
}
