// !$*UTF8*$!
{
	archiveVersion = 1;
	classes = {
	};
	objectVersion = 55;
	objects = {

/* Begin PBXBuildFile section */
		3359FA5329883F4B00641FD7 /* BetterPlayApp.swift in Sources */ = {isa = PBXBuildFile; fileRef = 3359FA5229883F4B00641FD7 /* BetterPlayApp.swift */; };
		3359FA5729883F4C00641FD7 /* Assets.xcassets in Resources */ = {isa = PBXBuildFile; fileRef = 3359FA5629883F4C00641FD7 /* Assets.xcassets */; };
		3359FA5A29883F4C00641FD7 /* Preview Assets.xcassets in Resources */ = {isa = PBXBuildFile; fileRef = 3359FA5929883F4C00641FD7 /* Preview Assets.xcassets */; };
		33A02C6229A66ED200982F21 /* LoginTestView.swift in Sources */ = {isa = PBXBuildFile; fileRef = 33A02C6129A66ED200982F21 /* LoginTestView.swift */; };
		33F6A6232995438B00FFAB37 /* ResponseModel.swift in Sources */ = {isa = PBXBuildFile; fileRef = 33F6A6222995438B00FFAB37 /* ResponseModel.swift */; };
		33F6A627299543DC00FFAB37 /* CustomTextField.swift in Sources */ = {isa = PBXBuildFile; fileRef = 33F6A626299543DC00FFAB37 /* CustomTextField.swift */; };
		33F6A62B299544E700FFAB37 /* CustomTabBar.swift in Sources */ = {isa = PBXBuildFile; fileRef = 33F6A62A299544E700FFAB37 /* CustomTabBar.swift */; };
		33F6A6302995457C00FFAB37 /* ContentView.swift in Sources */ = {isa = PBXBuildFile; fileRef = 33F6A62F2995457C00FFAB37 /* ContentView.swift */; };
		33F6A632299545AD00FFAB37 /* CustomNavBar.swift in Sources */ = {isa = PBXBuildFile; fileRef = 33F6A631299545AD00FFAB37 /* CustomNavBar.swift */; };
		33F6A634299545C900FFAB37 /* UserCoins.swift in Sources */ = {isa = PBXBuildFile; fileRef = 33F6A633299545C900FFAB37 /* UserCoins.swift */; };
		33F6A6362995461700FFAB37 /* Searcher.swift in Sources */ = {isa = PBXBuildFile; fileRef = 33F6A6352995461700FFAB37 /* Searcher.swift */; };
		33F6A64429954E1500FFAB37 /* NetworkHelper.swift in Sources */ = {isa = PBXBuildFile; fileRef = 33F6A64329954E1500FFAB37 /* NetworkHelper.swift */; };
		33F6A68C2995641700FFAB37 /* RecoverPasswordCodeView.swift in Sources */ = {isa = PBXBuildFile; fileRef = 33F6A68B2995641700FFAB37 /* RecoverPasswordCodeView.swift */; };
		33F6A68E2995649D00FFAB37 /* NewPasswordView.swift in Sources */ = {isa = PBXBuildFile; fileRef = 33F6A68D2995649D00FFAB37 /* NewPasswordView.swift */; };
		33F6A690299564C300FFAB37 /* RecoverPassEmailView.swift in Sources */ = {isa = PBXBuildFile; fileRef = 33F6A68F299564C300FFAB37 /* RecoverPassEmailView.swift */; };
		33F6A6922995650800FFAB37 /* RecoverPassViewModel.swift in Sources */ = {isa = PBXBuildFile; fileRef = 33F6A6912995650800FFAB37 /* RecoverPassViewModel.swift */; };
/* End PBXBuildFile section */

/* Begin PBXFileReference section */
		3359FA4F29883F4B00641FD7 /* BetterPlay.app */ = {isa = PBXFileReference; explicitFileType = wrapper.application; includeInIndex = 0; path = BetterPlay.app; sourceTree = BUILT_PRODUCTS_DIR; };
		3359FA5229883F4B00641FD7 /* BetterPlayApp.swift */ = {isa = PBXFileReference; lastKnownFileType = sourcecode.swift; path = BetterPlayApp.swift; sourceTree = "<group>"; };
		3359FA5629883F4C00641FD7 /* Assets.xcassets */ = {isa = PBXFileReference; lastKnownFileType = folder.assetcatalog; path = Assets.xcassets; sourceTree = "<group>"; };
		3359FA5929883F4C00641FD7 /* Preview Assets.xcassets */ = {isa = PBXFileReference; lastKnownFileType = folder.assetcatalog; path = "Preview Assets.xcassets"; sourceTree = "<group>"; };
		33A02C6129A66ED200982F21 /* LoginTestView.swift */ = {isa = PBXFileReference; lastKnownFileType = sourcecode.swift; path = LoginTestView.swift; sourceTree = "<group>"; };
		33F6A6222995438B00FFAB37 /* ResponseModel.swift */ = {isa = PBXFileReference; lastKnownFileType = sourcecode.swift; path = ResponseModel.swift; sourceTree = "<group>"; };
		33F6A626299543DC00FFAB37 /* CustomTextField.swift */ = {isa = PBXFileReference; lastKnownFileType = sourcecode.swift; path = CustomTextField.swift; sourceTree = "<group>"; };
		33F6A62A299544E700FFAB37 /* CustomTabBar.swift */ = {isa = PBXFileReference; lastKnownFileType = sourcecode.swift; path = CustomTabBar.swift; sourceTree = "<group>"; };
		33F6A62F2995457C00FFAB37 /* ContentView.swift */ = {isa = PBXFileReference; lastKnownFileType = sourcecode.swift; path = ContentView.swift; sourceTree = "<group>"; };
		33F6A631299545AD00FFAB37 /* CustomNavBar.swift */ = {isa = PBXFileReference; lastKnownFileType = sourcecode.swift; path = CustomNavBar.swift; sourceTree = "<group>"; };
		33F6A633299545C900FFAB37 /* UserCoins.swift */ = {isa = PBXFileReference; lastKnownFileType = sourcecode.swift; path = UserCoins.swift; sourceTree = "<group>"; };
		33F6A6352995461700FFAB37 /* Searcher.swift */ = {isa = PBXFileReference; lastKnownFileType = sourcecode.swift; path = Searcher.swift; sourceTree = "<group>"; };
		33F6A64329954E1500FFAB37 /* NetworkHelper.swift */ = {isa = PBXFileReference; lastKnownFileType = sourcecode.swift; path = NetworkHelper.swift; sourceTree = "<group>"; };
		33F6A68B2995641700FFAB37 /* RecoverPasswordCodeView.swift */ = {isa = PBXFileReference; lastKnownFileType = sourcecode.swift; path = RecoverPasswordCodeView.swift; sourceTree = "<group>"; };
		33F6A68D2995649D00FFAB37 /* NewPasswordView.swift */ = {isa = PBXFileReference; lastKnownFileType = sourcecode.swift; path = NewPasswordView.swift; sourceTree = "<group>"; };
		33F6A68F299564C300FFAB37 /* RecoverPassEmailView.swift */ = {isa = PBXFileReference; lastKnownFileType = sourcecode.swift; path = RecoverPassEmailView.swift; sourceTree = "<group>"; };
		33F6A6912995650800FFAB37 /* RecoverPassViewModel.swift */ = {isa = PBXFileReference; lastKnownFileType = sourcecode.swift; path = RecoverPassViewModel.swift; sourceTree = "<group>"; };
/* End PBXFileReference section */

/* Begin PBXFrameworksBuildPhase section */
		3359FA4C29883F4B00641FD7 /* Frameworks */ = {
			isa = PBXFrameworksBuildPhase;
			buildActionMask = 2147483647;
			files = (
			);
			runOnlyForDeploymentPostprocessing = 0;
		};
/* End PBXFrameworksBuildPhase section */

/* Begin PBXGroup section */
		3359FA4629883F4B00641FD7 = {
			isa = PBXGroup;
			children = (
				3359FA5129883F4B00641FD7 /* BetterPlay */,
				3359FA5029883F4B00641FD7 /* Products */,
			);
			sourceTree = "<group>";
		};
		3359FA5029883F4B00641FD7 /* Products */ = {
			isa = PBXGroup;
			children = (
				3359FA4F29883F4B00641FD7 /* BetterPlay.app */,
			);
			name = Products;
			sourceTree = "<group>";
		};
		3359FA5129883F4B00641FD7 /* BetterPlay */ = {
			isa = PBXGroup;
			children = (
				33F6A61F2995437200FFAB37 /* Presentation */,
				33F6A6202995437A00FFAB37 /* Data */,
				3359FA5229883F4B00641FD7 /* BetterPlayApp.swift */,
				3359FA5629883F4C00641FD7 /* Assets.xcassets */,
				3359FA5829883F4C00641FD7 /* Preview Content */,
			);
			path = BetterPlay;
			sourceTree = "<group>";
		};
		3359FA5829883F4C00641FD7 /* Preview Content */ = {
			isa = PBXGroup;
			children = (
				3359FA5929883F4C00641FD7 /* Preview Assets.xcassets */,
			);
			path = "Preview Content";
			sourceTree = "<group>";
		};
		33F6A61F2995437200FFAB37 /* Presentation */ = {
			isa = PBXGroup;
			children = (
				33F6A688299563E200FFAB37 /* RecoverPassword */,
				33F6A6242995439200FFAB37 /* Components */,
			);
			path = Presentation;
			sourceTree = "<group>";
		};
		33F6A6202995437A00FFAB37 /* Data */ = {
			isa = PBXGroup;
			children = (
				33F6A6212995437F00FFAB37 /* Model */,
				33F6A64329954E1500FFAB37 /* NetworkHelper.swift */,
			);
			path = Data;
			sourceTree = "<group>";
		};
		33F6A6212995437F00FFAB37 /* Model */ = {
			isa = PBXGroup;
			children = (
				33F6A6222995438B00FFAB37 /* ResponseModel.swift */,
			);
			path = Model;
			sourceTree = "<group>";
		};
		33F6A6242995439200FFAB37 /* Components */ = {
			isa = PBXGroup;
			children = (
				33F6A62C2995451500FFAB37 /* CustomTabBar */,
				33F6A626299543DC00FFAB37 /* CustomTextField.swift */,
				33F6A631299545AD00FFAB37 /* CustomNavBar.swift */,
				33F6A633299545C900FFAB37 /* UserCoins.swift */,
				33F6A6352995461700FFAB37 /* Searcher.swift */,
			);
			path = Components;
			sourceTree = "<group>";
		};
		33F6A62C2995451500FFAB37 /* CustomTabBar */ = {
			isa = PBXGroup;
			children = (
				33F6A62A299544E700FFAB37 /* CustomTabBar.swift */,
				33F6A62F2995457C00FFAB37 /* ContentView.swift */,
			);
			path = CustomTabBar;
			sourceTree = "<group>";
		};
		33F6A688299563E200FFAB37 /* RecoverPassword */ = {
			isa = PBXGroup;
			children = (
				33F6A68A299563F400FFAB37 /* ViewModel */,
				33F6A689299563EB00FFAB37 /* View */,
			);
			path = RecoverPassword;
			sourceTree = "<group>";
		};
		33F6A689299563EB00FFAB37 /* View */ = {
			isa = PBXGroup;
			children = (
				33F6A68B2995641700FFAB37 /* RecoverPasswordCodeView.swift */,
				33F6A68D2995649D00FFAB37 /* NewPasswordView.swift */,
				33F6A68F299564C300FFAB37 /* RecoverPassEmailView.swift */,
				33A02C6129A66ED200982F21 /* LoginTestView.swift */,
			);
			path = View;
			sourceTree = "<group>";
		};
		33F6A68A299563F400FFAB37 /* ViewModel */ = {
			isa = PBXGroup;
			children = (
				33F6A6912995650800FFAB37 /* RecoverPassViewModel.swift */,
			);
			path = ViewModel;
			sourceTree = "<group>";
		};
/* End PBXGroup section */

/* Begin PBXNativeTarget section */
		3359FA4E29883F4B00641FD7 /* BetterPlay */ = {
			isa = PBXNativeTarget;
			buildConfigurationList = 3359FA5D29883F4C00641FD7 /* Build configuration list for PBXNativeTarget "BetterPlay" */;
			buildPhases = (
				3359FA4B29883F4B00641FD7 /* Sources */,
				3359FA4C29883F4B00641FD7 /* Frameworks */,
				3359FA4D29883F4B00641FD7 /* Resources */,
			);
			buildRules = (
			);
			dependencies = (
			);
			name = BetterPlay;
			productName = BetterPlay;
			productReference = 3359FA4F29883F4B00641FD7 /* BetterPlay.app */;
			productType = "com.apple.product-type.application";
		};
/* End PBXNativeTarget section */

/* Begin PBXProject section */
		3359FA4729883F4B00641FD7 /* Project object */ = {
			isa = PBXProject;
			attributes = {
				BuildIndependentTargetsInParallel = 1;
				LastSwiftUpdateCheck = 1340;
				LastUpgradeCheck = 1340;
				TargetAttributes = {
					3359FA4E29883F4B00641FD7 = {
						CreatedOnToolsVersion = 13.4.1;
					};
				};
			};
			buildConfigurationList = 3359FA4A29883F4B00641FD7 /* Build configuration list for PBXProject "BetterPlay" */;
			compatibilityVersion = "Xcode 13.0";
			developmentRegion = en;
			hasScannedForEncodings = 0;
			knownRegions = (
				en,
				Base,
			);
			mainGroup = 3359FA4629883F4B00641FD7;
			productRefGroup = 3359FA5029883F4B00641FD7 /* Products */;
			projectDirPath = "";
			projectRoot = "";
			targets = (
				3359FA4E29883F4B00641FD7 /* BetterPlay */,
			);
		};
/* End PBXProject section */

/* Begin PBXResourcesBuildPhase section */
		3359FA4D29883F4B00641FD7 /* Resources */ = {
			isa = PBXResourcesBuildPhase;
			buildActionMask = 2147483647;
			files = (
				3359FA5A29883F4C00641FD7 /* Preview Assets.xcassets in Resources */,
				3359FA5729883F4C00641FD7 /* Assets.xcassets in Resources */,
			);
			runOnlyForDeploymentPostprocessing = 0;
		};
/* End PBXResourcesBuildPhase section */

/* Begin PBXSourcesBuildPhase section */
		3359FA4B29883F4B00641FD7 /* Sources */ = {
			isa = PBXSourcesBuildPhase;
			buildActionMask = 2147483647;
			files = (
				33F6A68E2995649D00FFAB37 /* NewPasswordView.swift in Sources */,
				33F6A632299545AD00FFAB37 /* CustomNavBar.swift in Sources */,
				33F6A68C2995641700FFAB37 /* RecoverPasswordCodeView.swift in Sources */,
				33F6A64429954E1500FFAB37 /* NetworkHelper.swift in Sources */,
				33F6A627299543DC00FFAB37 /* CustomTextField.swift in Sources */,
				33F6A634299545C900FFAB37 /* UserCoins.swift in Sources */,
				33F6A6302995457C00FFAB37 /* ContentView.swift in Sources */,
				33F6A62B299544E700FFAB37 /* CustomTabBar.swift in Sources */,
				33F6A6232995438B00FFAB37 /* ResponseModel.swift in Sources */,
				33F6A690299564C300FFAB37 /* RecoverPassEmailView.swift in Sources */,
				33F6A6922995650800FFAB37 /* RecoverPassViewModel.swift in Sources */,
				33F6A6362995461700FFAB37 /* Searcher.swift in Sources */,
				33A02C6229A66ED200982F21 /* LoginTestView.swift in Sources */,
				3359FA5329883F4B00641FD7 /* BetterPlayApp.swift in Sources */,
			);
			runOnlyForDeploymentPostprocessing = 0;
		};
/* End PBXSourcesBuildPhase section */

/* Begin XCBuildConfiguration section */
		3359FA5B29883F4C00641FD7 /* Debug */ = {
			isa = XCBuildConfiguration;
			buildSettings = {
				ALWAYS_SEARCH_USER_PATHS = NO;
				CLANG_ANALYZER_NONNULL = YES;
				CLANG_ANALYZER_NUMBER_OBJECT_CONVERSION = YES_AGGRESSIVE;
				CLANG_CXX_LANGUAGE_STANDARD = "gnu++17";
				CLANG_ENABLE_MODULES = YES;
				CLANG_ENABLE_OBJC_ARC = YES;
				CLANG_ENABLE_OBJC_WEAK = YES;
				CLANG_WARN_BLOCK_CAPTURE_AUTORELEASING = YES;
				CLANG_WARN_BOOL_CONVERSION = YES;
				CLANG_WARN_COMMA = YES;
				CLANG_WARN_CONSTANT_CONVERSION = YES;
				CLANG_WARN_DEPRECATED_OBJC_IMPLEMENTATIONS = YES;
				CLANG_WARN_DIRECT_OBJC_ISA_USAGE = YES_ERROR;
				CLANG_WARN_DOCUMENTATION_COMMENTS = YES;
				CLANG_WARN_EMPTY_BODY = YES;
				CLANG_WARN_ENUM_CONVERSION = YES;
				CLANG_WARN_INFINITE_RECURSION = YES;
				CLANG_WARN_INT_CONVERSION = YES;
				CLANG_WARN_NON_LITERAL_NULL_CONVERSION = YES;
				CLANG_WARN_OBJC_IMPLICIT_RETAIN_SELF = YES;
				CLANG_WARN_OBJC_LITERAL_CONVERSION = YES;
				CLANG_WARN_OBJC_ROOT_CLASS = YES_ERROR;
				CLANG_WARN_QUOTED_INCLUDE_IN_FRAMEWORK_HEADER = YES;
				CLANG_WARN_RANGE_LOOP_ANALYSIS = YES;
				CLANG_WARN_STRICT_PROTOTYPES = YES;
				CLANG_WARN_SUSPICIOUS_MOVE = YES;
				CLANG_WARN_UNGUARDED_AVAILABILITY = YES_AGGRESSIVE;
				CLANG_WARN_UNREACHABLE_CODE = YES;
				CLANG_WARN__DUPLICATE_METHOD_MATCH = YES;
				COPY_PHASE_STRIP = NO;
				DEBUG_INFORMATION_FORMAT = dwarf;
				ENABLE_STRICT_OBJC_MSGSEND = YES;
				ENABLE_TESTABILITY = YES;
				GCC_C_LANGUAGE_STANDARD = gnu11;
				GCC_DYNAMIC_NO_PIC = NO;
				GCC_NO_COMMON_BLOCKS = YES;
				GCC_OPTIMIZATION_LEVEL = 0;
				GCC_PREPROCESSOR_DEFINITIONS = (
					"DEBUG=1",
					"$(inherited)",
				);
				GCC_WARN_64_TO_32_BIT_CONVERSION = YES;
				GCC_WARN_ABOUT_RETURN_TYPE = YES_ERROR;
				GCC_WARN_UNDECLARED_SELECTOR = YES;
				GCC_WARN_UNINITIALIZED_AUTOS = YES_AGGRESSIVE;
				GCC_WARN_UNUSED_FUNCTION = YES;
				GCC_WARN_UNUSED_VARIABLE = YES;
				IPHONEOS_DEPLOYMENT_TARGET = 15.5;
				MTL_ENABLE_DEBUG_INFO = INCLUDE_SOURCE;
				MTL_FAST_MATH = YES;
				ONLY_ACTIVE_ARCH = YES;
				SDKROOT = iphoneos;
				SWIFT_ACTIVE_COMPILATION_CONDITIONS = DEBUG;
				SWIFT_OPTIMIZATION_LEVEL = "-Onone";
			};
			name = Debug;
		};
		3359FA5C29883F4C00641FD7 /* Release */ = {
			isa = XCBuildConfiguration;
			buildSettings = {
				ALWAYS_SEARCH_USER_PATHS = NO;
				CLANG_ANALYZER_NONNULL = YES;
				CLANG_ANALYZER_NUMBER_OBJECT_CONVERSION = YES_AGGRESSIVE;
				CLANG_CXX_LANGUAGE_STANDARD = "gnu++17";
				CLANG_ENABLE_MODULES = YES;
				CLANG_ENABLE_OBJC_ARC = YES;
				CLANG_ENABLE_OBJC_WEAK = YES;
				CLANG_WARN_BLOCK_CAPTURE_AUTORELEASING = YES;
				CLANG_WARN_BOOL_CONVERSION = YES;
				CLANG_WARN_COMMA = YES;
				CLANG_WARN_CONSTANT_CONVERSION = YES;
				CLANG_WARN_DEPRECATED_OBJC_IMPLEMENTATIONS = YES;
				CLANG_WARN_DIRECT_OBJC_ISA_USAGE = YES_ERROR;
				CLANG_WARN_DOCUMENTATION_COMMENTS = YES;
				CLANG_WARN_EMPTY_BODY = YES;
				CLANG_WARN_ENUM_CONVERSION = YES;
				CLANG_WARN_INFINITE_RECURSION = YES;
				CLANG_WARN_INT_CONVERSION = YES;
				CLANG_WARN_NON_LITERAL_NULL_CONVERSION = YES;
				CLANG_WARN_OBJC_IMPLICIT_RETAIN_SELF = YES;
				CLANG_WARN_OBJC_LITERAL_CONVERSION = YES;
				CLANG_WARN_OBJC_ROOT_CLASS = YES_ERROR;
				CLANG_WARN_QUOTED_INCLUDE_IN_FRAMEWORK_HEADER = YES;
				CLANG_WARN_RANGE_LOOP_ANALYSIS = YES;
				CLANG_WARN_STRICT_PROTOTYPES = YES;
				CLANG_WARN_SUSPICIOUS_MOVE = YES;
				CLANG_WARN_UNGUARDED_AVAILABILITY = YES_AGGRESSIVE;
				CLANG_WARN_UNREACHABLE_CODE = YES;
				CLANG_WARN__DUPLICATE_METHOD_MATCH = YES;
				COPY_PHASE_STRIP = NO;
				DEBUG_INFORMATION_FORMAT = "dwarf-with-dsym";
				ENABLE_NS_ASSERTIONS = NO;
				ENABLE_STRICT_OBJC_MSGSEND = YES;
				GCC_C_LANGUAGE_STANDARD = gnu11;
				GCC_NO_COMMON_BLOCKS = YES;
				GCC_WARN_64_TO_32_BIT_CONVERSION = YES;
				GCC_WARN_ABOUT_RETURN_TYPE = YES_ERROR;
				GCC_WARN_UNDECLARED_SELECTOR = YES;
				GCC_WARN_UNINITIALIZED_AUTOS = YES_AGGRESSIVE;
				GCC_WARN_UNUSED_FUNCTION = YES;
				GCC_WARN_UNUSED_VARIABLE = YES;
				IPHONEOS_DEPLOYMENT_TARGET = 15.5;
				MTL_ENABLE_DEBUG_INFO = NO;
				MTL_FAST_MATH = YES;
				SDKROOT = iphoneos;
				SWIFT_COMPILATION_MODE = wholemodule;
				SWIFT_OPTIMIZATION_LEVEL = "-O";
				VALIDATE_PRODUCT = YES;
			};
			name = Release;
		};
		3359FA5E29883F4C00641FD7 /* Debug */ = {
			isa = XCBuildConfiguration;
			buildSettings = {
				ASSETCATALOG_COMPILER_APPICON_NAME = AppIcon;
				ASSETCATALOG_COMPILER_GLOBAL_ACCENT_COLOR_NAME = AccentColor;
				CODE_SIGN_STYLE = Automatic;
				CURRENT_PROJECT_VERSION = 1;
				DEVELOPMENT_ASSET_PATHS = "\"BetterPlay/Preview Content\"";
				ENABLE_PREVIEWS = YES;
				GENERATE_INFOPLIST_FILE = YES;
				INFOPLIST_KEY_UIApplicationSceneManifest_Generation = YES;
				INFOPLIST_KEY_UIApplicationSupportsIndirectInputEvents = YES;
				INFOPLIST_KEY_UILaunchScreen_Generation = YES;
				INFOPLIST_KEY_UISupportedInterfaceOrientations_iPad = "UIInterfaceOrientationPortrait UIInterfaceOrientationPortraitUpsideDown UIInterfaceOrientationLandscapeLeft UIInterfaceOrientationLandscapeRight";
				INFOPLIST_KEY_UISupportedInterfaceOrientations_iPhone = "UIInterfaceOrientationPortrait UIInterfaceOrientationLandscapeLeft UIInterfaceOrientationLandscapeRight";
				LD_RUNPATH_SEARCH_PATHS = (
					"$(inherited)",
					"@executable_path/Frameworks",
				);
				MARKETING_VERSION = 1.0;
				PRODUCT_BUNDLE_IDENTIFIER = andres.com.BetterPlay;
				PRODUCT_NAME = "$(TARGET_NAME)";
				SWIFT_EMIT_LOC_STRINGS = YES;
				SWIFT_VERSION = 5.0;
				TARGETED_DEVICE_FAMILY = "1,2";
			};
			name = Debug;
		};
		3359FA5F29883F4C00641FD7 /* Release */ = {
			isa = XCBuildConfiguration;
			buildSettings = {
				ASSETCATALOG_COMPILER_APPICON_NAME = AppIcon;
				ASSETCATALOG_COMPILER_GLOBAL_ACCENT_COLOR_NAME = AccentColor;
				CODE_SIGN_STYLE = Automatic;
				CURRENT_PROJECT_VERSION = 1;
				DEVELOPMENT_ASSET_PATHS = "\"BetterPlay/Preview Content\"";
				ENABLE_PREVIEWS = YES;
				GENERATE_INFOPLIST_FILE = YES;
				INFOPLIST_KEY_UIApplicationSceneManifest_Generation = YES;
				INFOPLIST_KEY_UIApplicationSupportsIndirectInputEvents = YES;
				INFOPLIST_KEY_UILaunchScreen_Generation = YES;
				INFOPLIST_KEY_UISupportedInterfaceOrientations_iPad = "UIInterfaceOrientationPortrait UIInterfaceOrientationPortraitUpsideDown UIInterfaceOrientationLandscapeLeft UIInterfaceOrientationLandscapeRight";
				INFOPLIST_KEY_UISupportedInterfaceOrientations_iPhone = "UIInterfaceOrientationPortrait UIInterfaceOrientationLandscapeLeft UIInterfaceOrientationLandscapeRight";
				LD_RUNPATH_SEARCH_PATHS = (
					"$(inherited)",
					"@executable_path/Frameworks",
				);
				MARKETING_VERSION = 1.0;
				PRODUCT_BUNDLE_IDENTIFIER = andres.com.BetterPlay;
				PRODUCT_NAME = "$(TARGET_NAME)";
				SWIFT_EMIT_LOC_STRINGS = YES;
				SWIFT_VERSION = 5.0;
				TARGETED_DEVICE_FAMILY = "1,2";
			};
			name = Release;
		};
/* End XCBuildConfiguration section */

/* Begin XCConfigurationList section */
		3359FA4A29883F4B00641FD7 /* Build configuration list for PBXProject "BetterPlay" */ = {
			isa = XCConfigurationList;
			buildConfigurations = (
				3359FA5B29883F4C00641FD7 /* Debug */,
				3359FA5C29883F4C00641FD7 /* Release */,
			);
			defaultConfigurationIsVisible = 0;
			defaultConfigurationName = Release;
		};
		3359FA5D29883F4C00641FD7 /* Build configuration list for PBXNativeTarget "BetterPlay" */ = {
			isa = XCConfigurationList;
			buildConfigurations = (
				3359FA5E29883F4C00641FD7 /* Debug */,
				3359FA5F29883F4C00641FD7 /* Release */,
			);
			defaultConfigurationIsVisible = 0;
			defaultConfigurationName = Release;
		};
/* End XCConfigurationList section */
	};
	rootObject = 3359FA4729883F4B00641FD7 /* Project object */;
}
